
Microsoft Visual Studio Solution File, Format Version 12.00
# Visual Studio Version 17
VisualStudioVersion = 17.14.36623.8 d17.14
MinimumVisualStudioVersion = 10.0.40219.1
Project("{FAE04EC0-301F-11D3-BF4B-00C04F79EFBC}") = "InventoryApp", "InventoryApp\InventoryApp.csproj", "{3AB39071-EA6C-4199-BA48-C165D522CBB7}"
EndProject
Global
	GlobalSection(SolutionConfigurationPlatforms) = preSolution
		Debug|Any CPU = Debug|Any CPU
		Release|Any CPU = Release|Any CPU
	EndGlobalSection
	GlobalSection(ProjectConfigurationPlatforms) = postSolution
		{3AB39071-EA6C-4199-BA48-C165D522CBB7}.Debug|Any CPU.ActiveCfg = Debug|Any CPU
		{3AB39071-EA6C-4199-BA48-C165D522CBB7}.Debug|Any CPU.Build.0 = Debug|Any CPU
		{3AB39071-EA6C-4199-BA48-C165D522CBB7}.Release|Any CPU.ActiveCfg = Release|Any CPU
		{3AB39071-EA6C-4199-BA48-C165D522CBB7}.Release|Any CPU.Build.0 = Release|Any CPU
	EndGlobalSection
	GlobalSection(SolutionProperties) = preSolution
		HideSolutionNode = FALSE
	EndGlobalSection
	GlobalSection(ExtensibilityGlobals) = postSolution
		SolutionGuid = {0F12C223-55D5-49F3-B281-E6EBBE18F7BC}
	EndGlobalSection
EndGlobal
